
Microsoft Visual Studio Solution File, Format Version 12.00
# Visual Studio Version 17
VisualStudioVersion = 17.0.31903.59
MinimumVisualStudioVersion = 10.0.40219.1
Project("{2150E333-8FDC-42A3-9474-1A3956D46DE8}") = "Services", "Services", "{EA8C1DC8-ACE7-4BB0-970D-98F61D055E41}"
EndProject
Project("{2150E333-8FDC-42A3-9474-1A3956D46DE8}") = "Catalog", "Catalog", "{5CD6564A-1FA2-4846-8026-B1882CDE11B7}"
EndProject
Project("{2150E333-8FDC-42A3-9474-1A3956D46DE8}") = "Solution Items", "Solution Items", "{9E9696B1-8D91-458C-81DC-8BEFE5923052}"
	ProjectSection(SolutionItems) = preProject
		Ports.txt = Ports.txt
	EndProjectSection
EndProject
Project("{2150E333-8FDC-42A3-9474-1A3956D46DE8}") = "Shared", "Shared", "{6B6B2E64-4414-4CD6-B3D5-BE7483F5405F}"
EndProject
Project("{2150E333-8FDC-42A3-9474-1A3956D46DE8}") = "DuendeIS", "DuendeIS", "{3EA1AE6B-9B80-44A1-8FB9-6F79341B96AE}"
EndProject
Project("{9A19103F-16F7-4668-BE54-9A1E7A4F7556}") = "FinalMS.Catalog", "Services\Catalog\FinalMS.Catalog\FinalMS.Catalog.csproj", "{77B9E07B-FE6D-4210-98F1-7C0045EA8BB1}"
EndProject
Project("{9A19103F-16F7-4668-BE54-9A1E7A4F7556}") = "FinalMS.Shared", "Shared\FinalMS.Shared.csproj", "{0FF8360A-25E6-4FCA-9033-1E28BA7A4A7C}"
EndProject
Project("{9A19103F-16F7-4668-BE54-9A1E7A4F7556}") = "FinalMS.DuendeIS", "DuendeIS\FinalMS.DuendeIS.csproj", "{65665054-AC7C-48D6-9851-E4BFCA59DBA4}"
EndProject
Project("{2150E333-8FDC-42A3-9474-1A3956D46DE8}") = "PhotoStock", "PhotoStock", "{8DD93898-B0DB-4E6E-BDCD-453A8A8A20BC}"
EndProject
Project("{9A19103F-16F7-4668-BE54-9A1E7A4F7556}") = "FinalMS.PhotoStock", "Services\PhotoStock\FinalMS.PhotoStock\FinalMS.PhotoStock.csproj", "{6E2319C0-CC02-40A4-9D2E-419D78D6D4FC}"
EndProject
Project("{2150E333-8FDC-42A3-9474-1A3956D46DE8}") = "Basket", "Basket", "{17328641-1E0F-4905-AF26-54EB75F5F99D}"
EndProject
Project("{9A19103F-16F7-4668-BE54-9A1E7A4F7556}") = "FinalMS.Basket", "Services\Basket\FinalMS.Basket\FinalMS.Basket.csproj", "{0083625D-A451-4579-B713-C3A2715F1B24}"
EndProject
Project("{2150E333-8FDC-42A3-9474-1A3956D46DE8}") = "Discount", "Discount", "{CCD9C67E-5C82-4628-8443-791898E1FF0A}"
EndProject
Project("{9A19103F-16F7-4668-BE54-9A1E7A4F7556}") = "FinalMS.Discount", "Services\Discount\FinalMS.Discount\FinalMS.Discount.csproj", "{EB9D33A5-FF86-4492-8DD7-75638164285D}"
EndProject
Project("{2150E333-8FDC-42A3-9474-1A3956D46DE8}") = "Order", "Order", "{D810039C-C85B-43B2-9308-DF0778D3819D}"
EndProject
Project("{9A19103F-16F7-4668-BE54-9A1E7A4F7556}") = "FinalMS.Order.API", "Services\Order\FinalMS.Order.API\FinalMS.Order.API.csproj", "{47B90C85-A00A-4503-8D83-6A85A0B3C28F}"
EndProject
Project("{9A19103F-16F7-4668-BE54-9A1E7A4F7556}") = "FinalMS.Order.Infrastructure", "Services\Order\FinalMS.Order.Infrastructure\FinalMS.Order.Infrastructure.csproj", "{B846B120-CFFC-406E-BEFC-63111E31958E}"
EndProject
Project("{9A19103F-16F7-4668-BE54-9A1E7A4F7556}") = "FinalMS.Order.Application", "Services\Order\FinalMS.Order.Application\FinalMS.Order.Application.csproj", "{0B3A9A20-B35C-4F08-A121-FB2F42DF43B5}"
EndProject
Project("{9A19103F-16F7-4668-BE54-9A1E7A4F7556}") = "FinalMS.Order.Domain", "Services\Order\FinalMS.Order.Domain\FinalMS.Order.Domain.csproj", "{B7C542A9-9B61-40C4-B7A8-2690AD9BE3D1}"
EndProject
Project("{9A19103F-16F7-4668-BE54-9A1E7A4F7556}") = "FinalMS.Order.Domain.Core", "Services\Order\FinalMS.Order.Domain.Core\FinalMS.Order.Domain.Core.csproj", "{6975C7EE-82F7-4F44-BDA4-8E89DF90747D}"
EndProject
Project("{2150E333-8FDC-42A3-9474-1A3956D46DE8}") = "FakePayment", "FakePayment", "{1C2251EE-6D43-4B49-86BF-A5D6C3B7AB62}"
EndProject
Project("{FAE04EC0-301F-11D3-BF4B-00C04F79EFBC}") = "FinalMS.FakePayment", "Services\FakePayment\FinalMS.FakePayment\FinalMS.FakePayment.csproj", "{0E1ACE5C-5668-4466-9D80-CFDB2765D47F}"
EndProject
Project("{2150E333-8FDC-42A3-9474-1A3956D46DE8}") = "Gateways", "Gateways", "{E704B6FA-61B8-4986-B0E3-09F688905E14}"
EndProject
Project("{FAE04EC0-301F-11D3-BF4B-00C04F79EFBC}") = "FinalMS.Gateway", "Gateways\FinalMS.Gateway\FinalMS.Gateway.csproj", "{12633283-EDE1-43B8-AC06-CD098B13A643}"
EndProject
Global
	GlobalSection(SolutionConfigurationPlatforms) = preSolution
		Debug|Any CPU = Debug|Any CPU
		Release|Any CPU = Release|Any CPU
	EndGlobalSection
	GlobalSection(ProjectConfigurationPlatforms) = postSolution
		{77B9E07B-FE6D-4210-98F1-7C0045EA8BB1}.Debug|Any CPU.ActiveCfg = Debug|Any CPU
		{77B9E07B-FE6D-4210-98F1-7C0045EA8BB1}.Debug|Any CPU.Build.0 = Debug|Any CPU
		{77B9E07B-FE6D-4210-98F1-7C0045EA8BB1}.Release|Any CPU.ActiveCfg = Release|Any CPU
		{77B9E07B-FE6D-4210-98F1-7C0045EA8BB1}.Release|Any CPU.Build.0 = Release|Any CPU
		{0FF8360A-25E6-4FCA-9033-1E28BA7A4A7C}.Debug|Any CPU.ActiveCfg = Debug|Any CPU
		{0FF8360A-25E6-4FCA-9033-1E28BA7A4A7C}.Debug|Any CPU.Build.0 = Debug|Any CPU
		{0FF8360A-25E6-4FCA-9033-1E28BA7A4A7C}.Release|Any CPU.ActiveCfg = Release|Any CPU
		{0FF8360A-25E6-4FCA-9033-1E28BA7A4A7C}.Release|Any CPU.Build.0 = Release|Any CPU
		{65665054-AC7C-48D6-9851-E4BFCA59DBA4}.Debug|Any CPU.ActiveCfg = Debug|Any CPU
		{65665054-AC7C-48D6-9851-E4BFCA59DBA4}.Debug|Any CPU.Build.0 = Debug|Any CPU
		{65665054-AC7C-48D6-9851-E4BFCA59DBA4}.Release|Any CPU.ActiveCfg = Release|Any CPU
		{65665054-AC7C-48D6-9851-E4BFCA59DBA4}.Release|Any CPU.Build.0 = Release|Any CPU
		{6E2319C0-CC02-40A4-9D2E-419D78D6D4FC}.Debug|Any CPU.ActiveCfg = Debug|Any CPU
		{6E2319C0-CC02-40A4-9D2E-419D78D6D4FC}.Debug|Any CPU.Build.0 = Debug|Any CPU
		{6E2319C0-CC02-40A4-9D2E-419D78D6D4FC}.Release|Any CPU.ActiveCfg = Release|Any CPU
		{6E2319C0-CC02-40A4-9D2E-419D78D6D4FC}.Release|Any CPU.Build.0 = Release|Any CPU
		{0083625D-A451-4579-B713-C3A2715F1B24}.Debug|Any CPU.ActiveCfg = Debug|Any CPU
		{0083625D-A451-4579-B713-C3A2715F1B24}.Debug|Any CPU.Build.0 = Debug|Any CPU
		{0083625D-A451-4579-B713-C3A2715F1B24}.Release|Any CPU.ActiveCfg = Release|Any CPU
		{0083625D-A451-4579-B713-C3A2715F1B24}.Release|Any CPU.Build.0 = Release|Any CPU
		{EB9D33A5-FF86-4492-8DD7-75638164285D}.Debug|Any CPU.ActiveCfg = Debug|Any CPU
		{EB9D33A5-FF86-4492-8DD7-75638164285D}.Debug|Any CPU.Build.0 = Debug|Any CPU
		{EB9D33A5-FF86-4492-8DD7-75638164285D}.Release|Any CPU.ActiveCfg = Release|Any CPU
		{EB9D33A5-FF86-4492-8DD7-75638164285D}.Release|Any CPU.Build.0 = Release|Any CPU
		{47B90C85-A00A-4503-8D83-6A85A0B3C28F}.Debug|Any CPU.ActiveCfg = Debug|Any CPU
		{47B90C85-A00A-4503-8D83-6A85A0B3C28F}.Debug|Any CPU.Build.0 = Debug|Any CPU
		{47B90C85-A00A-4503-8D83-6A85A0B3C28F}.Release|Any CPU.ActiveCfg = Release|Any CPU
		{47B90C85-A00A-4503-8D83-6A85A0B3C28F}.Release|Any CPU.Build.0 = Release|Any CPU
		{B846B120-CFFC-406E-BEFC-63111E31958E}.Debug|Any CPU.ActiveCfg = Debug|Any CPU
		{B846B120-CFFC-406E-BEFC-63111E31958E}.Debug|Any CPU.Build.0 = Debug|Any CPU
		{B846B120-CFFC-406E-BEFC-63111E31958E}.Release|Any CPU.ActiveCfg = Release|Any CPU
		{B846B120-CFFC-406E-BEFC-63111E31958E}.Release|Any CPU.Build.0 = Release|Any CPU
		{0B3A9A20-B35C-4F08-A121-FB2F42DF43B5}.Debug|Any CPU.ActiveCfg = Debug|Any CPU
		{0B3A9A20-B35C-4F08-A121-FB2F42DF43B5}.Debug|Any CPU.Build.0 = Debug|Any CPU
		{0B3A9A20-B35C-4F08-A121-FB2F42DF43B5}.Release|Any CPU.ActiveCfg = Release|Any CPU
		{0B3A9A20-B35C-4F08-A121-FB2F42DF43B5}.Release|Any CPU.Build.0 = Release|Any CPU
		{B7C542A9-9B61-40C4-B7A8-2690AD9BE3D1}.Debug|Any CPU.ActiveCfg = Debug|Any CPU
		{B7C542A9-9B61-40C4-B7A8-2690AD9BE3D1}.Debug|Any CPU.Build.0 = Debug|Any CPU
		{B7C542A9-9B61-40C4-B7A8-2690AD9BE3D1}.Release|Any CPU.ActiveCfg = Release|Any CPU
		{B7C542A9-9B61-40C4-B7A8-2690AD9BE3D1}.Release|Any CPU.Build.0 = Release|Any CPU
		{6975C7EE-82F7-4F44-BDA4-8E89DF90747D}.Debug|Any CPU.ActiveCfg = Debug|Any CPU
		{6975C7EE-82F7-4F44-BDA4-8E89DF90747D}.Debug|Any CPU.Build.0 = Debug|Any CPU
		{6975C7EE-82F7-4F44-BDA4-8E89DF90747D}.Release|Any CPU.ActiveCfg = Release|Any CPU
		{6975C7EE-82F7-4F44-BDA4-8E89DF90747D}.Release|Any CPU.Build.0 = Release|Any CPU
		{0E1ACE5C-5668-4466-9D80-CFDB2765D47F}.Debug|Any CPU.ActiveCfg = Debug|Any CPU
		{0E1ACE5C-5668-4466-9D80-CFDB2765D47F}.Debug|Any CPU.Build.0 = Debug|Any CPU
		{0E1ACE5C-5668-4466-9D80-CFDB2765D47F}.Release|Any CPU.ActiveCfg = Release|Any CPU
		{0E1ACE5C-5668-4466-9D80-CFDB2765D47F}.Release|Any CPU.Build.0 = Release|Any CPU
		{12633283-EDE1-43B8-AC06-CD098B13A643}.Debug|Any CPU.ActiveCfg = Debug|Any CPU
		{12633283-EDE1-43B8-AC06-CD098B13A643}.Debug|Any CPU.Build.0 = Debug|Any CPU
		{12633283-EDE1-43B8-AC06-CD098B13A643}.Release|Any CPU.ActiveCfg = Release|Any CPU
		{12633283-EDE1-43B8-AC06-CD098B13A643}.Release|Any CPU.Build.0 = Release|Any CPU
	EndGlobalSection
	GlobalSection(SolutionProperties) = preSolution
		HideSolutionNode = FALSE
	EndGlobalSection
	GlobalSection(NestedProjects) = preSolution
		{5CD6564A-1FA2-4846-8026-B1882CDE11B7} = {EA8C1DC8-ACE7-4BB0-970D-98F61D055E41}
		{77B9E07B-FE6D-4210-98F1-7C0045EA8BB1} = {5CD6564A-1FA2-4846-8026-B1882CDE11B7}
		{0FF8360A-25E6-4FCA-9033-1E28BA7A4A7C} = {6B6B2E64-4414-4CD6-B3D5-BE7483F5405F}
		{65665054-AC7C-48D6-9851-E4BFCA59DBA4} = {3EA1AE6B-9B80-44A1-8FB9-6F79341B96AE}
		{8DD93898-B0DB-4E6E-BDCD-453A8A8A20BC} = {EA8C1DC8-ACE7-4BB0-970D-98F61D055E41}
		{6E2319C0-CC02-40A4-9D2E-419D78D6D4FC} = {8DD93898-B0DB-4E6E-BDCD-453A8A8A20BC}
		{17328641-1E0F-4905-AF26-54EB75F5F99D} = {EA8C1DC8-ACE7-4BB0-970D-98F61D055E41}
		{0083625D-A451-4579-B713-C3A2715F1B24} = {17328641-1E0F-4905-AF26-54EB75F5F99D}
		{CCD9C67E-5C82-4628-8443-791898E1FF0A} = {EA8C1DC8-ACE7-4BB0-970D-98F61D055E41}
		{EB9D33A5-FF86-4492-8DD7-75638164285D} = {CCD9C67E-5C82-4628-8443-791898E1FF0A}
		{D810039C-C85B-43B2-9308-DF0778D3819D} = {EA8C1DC8-ACE7-4BB0-970D-98F61D055E41}
		{47B90C85-A00A-4503-8D83-6A85A0B3C28F} = {D810039C-C85B-43B2-9308-DF0778D3819D}
		{B846B120-CFFC-406E-BEFC-63111E31958E} = {D810039C-C85B-43B2-9308-DF0778D3819D}
		{0B3A9A20-B35C-4F08-A121-FB2F42DF43B5} = {D810039C-C85B-43B2-9308-DF0778D3819D}
		{B7C542A9-9B61-40C4-B7A8-2690AD9BE3D1} = {D810039C-C85B-43B2-9308-DF0778D3819D}
		{6975C7EE-82F7-4F44-BDA4-8E89DF90747D} = {D810039C-C85B-43B2-9308-DF0778D3819D}
		{1C2251EE-6D43-4B49-86BF-A5D6C3B7AB62} = {EA8C1DC8-ACE7-4BB0-970D-98F61D055E41}
		{0E1ACE5C-5668-4466-9D80-CFDB2765D47F} = {1C2251EE-6D43-4B49-86BF-A5D6C3B7AB62}
		{12633283-EDE1-43B8-AC06-CD098B13A643} = {E704B6FA-61B8-4986-B0E3-09F688905E14}
	EndGlobalSection
	GlobalSection(ExtensibilityGlobals) = postSolution
		SolutionGuid = {E203902D-3469-4C84-96A2-E4888F76E38E}
	EndGlobalSection
EndGlobal
